PODS:
  - DACircularProgress (2.3.1)
  - IDMPhotoBrowser (1.11.1):
    - DACircularProgress
    - pop
    - SDWebImage (= 4.0.0)
  - KLCPopup (1.0)
  - MMDrawerController (0.6.0):
    - MMDrawerController/Core (= 0.6.0)
    - MMDrawerController/MMDrawerBarButtonItem (= 0.6.0)
    - MMDrawerController/MMDrawerVisualStates (= 0.6.0)
    - MMDrawerController/Subclass (= 0.6.0)
  - MMDrawerController/Core (0.6.0)
  - MMDrawerController/MMDrawerBarButtonItem (0.6.0):
    - MMDrawerController/Core
  - MMDrawerController/MMDrawerVisualStates (0.6.0):
    - MMDrawerController/Core
  - MMDrawerController/Subclass (0.6.0):
    - MMDrawerController/Core
  - PNChart (0.8.9):
    - UICountingLabel (~> 1.2.0)
  - pop (1.0.9)
  - QBImagePickerController (3.4.0)
  - Realm (2.7.0):
    - Realm/Headers (= 2.7.0)
  - Realm/Headers (2.7.0)
  - RealmSwift (2.7.0):
    - Realm (= 2.7.0)
  - SDWebImage (4.0.0):
    - SDWebImage/Core (= 4.0.0)
  - SDWebImage/Core (4.0.0)
  - UICountingLabel (1.2.0)

DEPENDENCIES:
  - IDMPhotoBrowser
  - KLCPopup
  - MMDrawerController
  - PNChart
  - QBImagePickerController
  - RealmSwift

SPEC CHECKSUMS:
  DACircularProgress: 4dd437c0fc3da5161cb289e07ac449493d41db71
  IDMPhotoBrowser: 14505b91019a96e36479606cb582f864446dae01
  KLCPopup: 76c5a19227977f1e53d85236f9ef42257c168d98
  MMDrawerController: e3a54a5570388463ad3b36975251575b50c4e1a0
  PNChart: 84774d225c2126ded6c93d4dbe6ae98c3a73c2d2
  pop: f667631a5108a2e60d9e8797c9b32ddaf2080bce
  QBImagePickerController: d54cf93db6decf26baf6ed3472f336ef35cae022
  Realm: 07e5d3a9e0e41d65fd5f9f05150ed6295d0f093b
  RealmSwift: 6d06425d3900c86473c4f323bf6949b43fca22bc
  SDWebImage: 76a6348bdc74eb5a55dd08a091ef298e56b55e41
  UICountingLabel: 1db4e7d023e1762171eb226d6dff47a7a84f27aa

PODFILE CHECKSUM: a1cdf0fdc8ee5cdbe46578ba7cf926d40c21c2a2

COCOAPODS: 1.2.1
