// !$*UTF8*$!
{
	archiveVersion = 1;
	classes = {
	};
	objectVersion = 46;
	objects = {

/* Begin PBXBuildFile section */
		D4B0C598C23A1CFE824D8AC6 /* Pods_CaseAssistant.framework in Frameworks */ = {isa = PBXBuildFile; fileRef = F120D812B1F4014BA0F6A097 /* Pods_CaseAssistant.framework */; };
		EB0494361AE791C600F9509A /* AppDelegate.swift in Sources */ = {isa = PBXBuildFile; fileRef = EB0494351AE791C600F9509A /* AppDelegate.swift */; };
		EB04943D1AE791C600F9509A /* Main.storyboard in Resources */ = {isa = PBXBuildFile; fileRef = EB04943B1AE791C600F9509A /* Main.storyboard */; };
		EB04943F1AE791C600F9509A /* Images.xcassets in Resources */ = {isa = PBXBuildFile; fileRef = EB04943E1AE791C600F9509A /* Images.xcassets */; };
		EB0494421AE791C600F9509A /* LaunchScreen.xib in Resources */ = {isa = PBXBuildFile; fileRef = EB0494401AE791C600F9509A /* LaunchScreen.xib */; };
		EB04945E1AE7971600F9509A /* Data.swift in Sources */ = {isa = PBXBuildFile; fileRef = EB04945D1AE7971600F9509A /* Data.swift */; };
		EB0494601AE7A5E200F9509A /* PatientGroupTableViewController.swift in Sources */ = {isa = PBXBuildFile; fileRef = EB04945F1AE7A5E200F9509A /* PatientGroupTableViewController.swift */; };
		EB0494641AE7A66D00F9509A /* RecordTableViewController.swift in Sources */ = {isa = PBXBuildFile; fileRef = EB0494631AE7A66D00F9509A /* RecordTableViewController.swift */; };
		EB0494671AE7F89F00F9509A /* InitTableViewController.swift in Sources */ = {isa = PBXBuildFile; fileRef = EB0494661AE7F89F00F9509A /* InitTableViewController.swift */; };
		EB0A31971B16CFAD00554440 /* Setting.storyboard in Resources */ = {isa = PBXBuildFile; fileRef = EB0A31961B16CFAD00554440 /* Setting.storyboard */; };
		EB0A31991B16F61600554440 /* SettingTableViewController.swift in Sources */ = {isa = PBXBuildFile; fileRef = EB0A31981B16F61500554440 /* SettingTableViewController.swift */; };
		EB0E2E701B00596500372A0C /* PhotoMemoCollectionViewCell.swift in Sources */ = {isa = PBXBuildFile; fileRef = EB0E2E6F1B00596500372A0C /* PhotoMemoCollectionViewCell.swift */; };
		EB1D182F1B22EE6D0011BD8B /* AboutTableViewController.swift in Sources */ = {isa = PBXBuildFile; fileRef = EB1D182E1B22EE6D0011BD8B /* AboutTableViewController.swift */; };
		EB28BBC21B0B9C0F003C60F1 /* PatientTableViewCell.swift in Sources */ = {isa = PBXBuildFile; fileRef = EB28BBC11B0B9C0F003C60F1 /* PatientTableViewCell.swift */; };
		EB29692B1B12BEDC006C6491 /* ReportViewController.swift in Sources */ = {isa = PBXBuildFile; fileRef = EB29692A1B12BEDC006C6491 /* ReportViewController.swift */; };
		EB29692D1B12D48E006C6491 /* ReportItemTableViewCell.swift in Sources */ = {isa = PBXBuildFile; fileRef = EB29692C1B12D48E006C6491 /* ReportItemTableViewCell.swift */; };
		EB2977D31B09990B00771F84 /* TagsTableViewController.swift in Sources */ = {isa = PBXBuildFile; fileRef = EB2977D21B09990B00771F84 /* TagsTableViewController.swift */; };
		EB2A17E51B249C8D00EA88BB /* SystemConfiguration.framework in Frameworks */ = {isa = PBXBuildFile; fileRef = EB2FD5AE1B11A24700600AF2 /* SystemConfiguration.framework */; };
		EB2A17E61B249C9500EA88BB /* libz.dylib in Frameworks */ = {isa = PBXBuildFile; fileRef = EB2FD5B01B11A25A00600AF2 /* libz.dylib */; };
		EB2A17E71B249CB900EA88BB /* libsqlite3.0.dylib in Frameworks */ = {isa = PBXBuildFile; fileRef = EB2FD5B21B11A26B00600AF2 /* libsqlite3.0.dylib */; };
		EB2DD12F1AF898B5009A69BA /* PatientSummaryViewController.swift in Sources */ = {isa = PBXBuildFile; fileRef = EB2DD12E1AF898B5009A69BA /* PatientSummaryViewController.swift */; };
		EB3719331B202407005191D5 /* ReportImageItemTableViewCell.swift in Sources */ = {isa = PBXBuildFile; fileRef = EB3719321B202407005191D5 /* ReportImageItemTableViewCell.swift */; };
		EB37F1991ECE906A00B9EBF6 /* UIHelper.swift in Sources */ = {isa = PBXBuildFile; fileRef = EB37F1981ECE906A00B9EBF6 /* UIHelper.swift */; };
		EB6730BD1AEA3CCA007B445D /* Helpers.swift in Sources */ = {isa = PBXBuildFile; fileRef = EB6730BC1AEA3CCA007B445D /* Helpers.swift */; };
		EB803F0E1B2F29870014DA62 /* IAPProductTableViewCell.swift in Sources */ = {isa = PBXBuildFile; fileRef = EB803F0D1B2F29870014DA62 /* IAPProductTableViewCell.swift */; };
		EB8131031B1C10F400639444 /* ReportTitleTableViewCell.swift in Sources */ = {isa = PBXBuildFile; fileRef = EB8131021B1C10F400639444 /* ReportTitleTableViewCell.swift */; };
		EB8131051B1C257600639444 /* ReportTitleWhenShareTableViewCell.swift in Sources */ = {isa = PBXBuildFile; fileRef = EB8131041B1C257600639444 /* ReportTitleWhenShareTableViewCell.swift */; };
		EB89DB961AFB55420060308D /* RecordItemTableViewController.swift in Sources */ = {isa = PBXBuildFile; fileRef = EB89DB951AFB55420060308D /* RecordItemTableViewController.swift */; };
		EB89DB981AFB56050060308D /* RecordButtonInputTableViewCell.swift in Sources */ = {isa = PBXBuildFile; fileRef = EB89DB971AFB56050060308D /* RecordButtonInputTableViewCell.swift */; };
		EB89DB9A1AFB561B0060308D /* RecordTextInputTableViewCell.swift in Sources */ = {isa = PBXBuildFile; fileRef = EB89DB991AFB561B0060308D /* RecordTextInputTableViewCell.swift */; };
		EB8F52A81ECD512C003D7D05 /* Patient.swift in Sources */ = {isa = PBXBuildFile; fileRef = EB8F52A71ECD512C003D7D05 /* Patient.swift */; };
		EB8F52AA1ECD5171003D7D05 /* Record.swift in Sources */ = {isa = PBXBuildFile; fileRef = EB8F52A91ECD5171003D7D05 /* Record.swift */; };
		EB8F52AC1ECD51DA003D7D05 /* Tag.swift in Sources */ = {isa = PBXBuildFile; fileRef = EB8F52AB1ECD51DA003D7D05 /* Tag.swift */; };
		EB8F52AE1ECD51FF003D7D05 /* Category.swift in Sources */ = {isa = PBXBuildFile; fileRef = EB8F52AD1ECD51FF003D7D05 /* Category.swift */; };
		EB8F52B01ECD5237003D7D05 /* PhotoMemo.swift in Sources */ = {isa = PBXBuildFile; fileRef = EB8F52AF1ECD5237003D7D05 /* PhotoMemo.swift */; };
		EB8F52B21ECD5253003D7D05 /* VoiceMemo.swift in Sources */ = {isa = PBXBuildFile; fileRef = EB8F52B11ECD5253003D7D05 /* VoiceMemo.swift */; };
		EB8F52B41ECD5277003D7D05 /* FormItem.swift in Sources */ = {isa = PBXBuildFile; fileRef = EB8F52B31ECD5277003D7D05 /* FormItem.swift */; };
		EB8F52B61ECD5293003D7D05 /* Spy.swift in Sources */ = {isa = PBXBuildFile; fileRef = EB8F52B51ECD5293003D7D05 /* Spy.swift */; };
		EB8F52B91ECD53CC003D7D05 /* CaseApp.swift in Sources */ = {isa = PBXBuildFile; fileRef = EB8F52B81ECD53CC003D7D05 /* CaseApp.swift */; };
		EB8F52BB1ECD54C2003D7D05 /* CaseProducts.swift in Sources */ = {isa = PBXBuildFile; fileRef = EB8F52BA1ECD54C2003D7D05 /* CaseProducts.swift */; };
		EB8F52C81ECD56A0003D7D05 /* UIImage+Additions.swift in Sources */ = {isa = PBXBuildFile; fileRef = EB8F52C31ECD56A0003D7D05 /* UIImage+Additions.swift */; };
		EB8F52C91ECD56A0003D7D05 /* UIScrollView+Additions.swift in Sources */ = {isa = PBXBuildFile; fileRef = EB8F52C41ECD56A0003D7D05 /* UIScrollView+Additions.swift */; };
		EB8F52CA1ECD56A0003D7D05 /* UITableView+Additions.swift in Sources */ = {isa = PBXBuildFile; fileRef = EB8F52C51ECD56A0003D7D05 /* UITableView+Additions.swift */; };
		EB8F52CB1ECD56A0003D7D05 /* UIView+Additions.swift in Sources */ = {isa = PBXBuildFile; fileRef = EB8F52C61ECD56A0003D7D05 /* UIView+Additions.swift */; };
		EB8F52CC1ECD56A0003D7D05 /* IAPHelper.swift in Sources */ = {isa = PBXBuildFile; fileRef = EB8F52C71ECD56A0003D7D05 /* IAPHelper.swift */; };
		EB94FF831B27DE8900F6F796 /* RecordTableViewCell.swift in Sources */ = {isa = PBXBuildFile; fileRef = EB94FF821B27DE8900F6F796 /* RecordTableViewCell.swift */; };
		EB94FFC11B28717500F6F796 /* IAPTableViewController.swift in Sources */ = {isa = PBXBuildFile; fileRef = EB94FFC01B28717500F6F796 /* IAPTableViewController.swift */; };
		EB94FFC31B2872D400F6F796 /* StoreKit.framework in Frameworks */ = {isa = PBXBuildFile; fileRef = EB94FFC21B2872D400F6F796 /* StoreKit.framework */; };
		EBA1D6161B217D4600024219 /* TagPickerViewController.swift in Sources */ = {isa = PBXBuildFile; fileRef = EBA1D6151B217D4600024219 /* TagPickerViewController.swift */; };
		EBAA55491AE8E9520068698A /* PatientViewController.swift in Sources */ = {isa = PBXBuildFile; fileRef = EBAA55481AE8E9520068698A /* PatientViewController.swift */; };
		EBC5431B1AEE919400347532 /* PatientInfoTableViewController.swift in Sources */ = {isa = PBXBuildFile; fileRef = EBC5431A1AEE919400347532 /* PatientInfoTableViewController.swift */; };
		EBC5431D1AEEA0C500347532 /* CategoryPickerViewController.swift in Sources */ = {isa = PBXBuildFile; fileRef = EBC5431C1AEEA0C500347532 /* CategoryPickerViewController.swift */; };
		EBC73C391B365D2C009E5B20 /* default.realm in Resources */ = {isa = PBXBuildFile; fileRef = EBC73C381B365D2C009E5B20 /* default.realm */; };
		EBC73C3B1B365D39009E5B20 /* photomemos in Resources */ = {isa = PBXBuildFile; fileRef = EBC73C3A1B365D39009E5B20 /* photomemos */; };
		EBCCC7C71B1F151B004B7764 /* ImageSelecterCollectionViewCell.swift in Sources */ = {isa = PBXBuildFile; fileRef = EBCCC7C61B1F151B004B7764 /* ImageSelecterCollectionViewCell.swift */; };
		EBCCC7C91B1F1654004B7764 /* ImageSelecterCollectionViewController.swift in Sources */ = {isa = PBXBuildFile; fileRef = EBCCC7C81B1F1654004B7764 /* ImageSelecterCollectionViewController.swift */; };
		EBCCC7CB1B1F4CEB004B7764 /* ImageSelecterCollectionHeaderView.swift in Sources */ = {isa = PBXBuildFile; fileRef = EBCCC7CA1B1F4CEB004B7764 /* ImageSelecterCollectionHeaderView.swift */; };
		EBDCBCDC1B10C8D3004515F5 /* ImageIO.framework in Frameworks */ = {isa = PBXBuildFile; fileRef = EBDCBCDB1B10C8D3004515F5 /* ImageIO.framework */; };
		EBE7CD121B24A1000034D98B /* libc++.dylib in Frameworks */ = {isa = PBXBuildFile; fileRef = EBDCBCED1B10D01C004515F5 /* libc++.dylib */; };
		EBE8CBB11B03964400575851 /* ChartViewController.swift in Sources */ = {isa = PBXBuildFile; fileRef = EBE8CBB01B03964400575851 /* ChartViewController.swift */; };
		EBE9A1321AEFD3890008F201 /* DatePickerViewController.swift in Sources */ = {isa = PBXBuildFile; fileRef = EBE9A1311AEFD3890008F201 /* DatePickerViewController.swift */; };
/* End PBXBuildFile section */

/* Begin PBXCopyFilesBuildPhase section */
		EBDDDDD81B06D1EE002ED8F0 /* Embed Frameworks */ = {
			isa = PBXCopyFilesBuildPhase;
			buildActionMask = 2147483647;
			dstPath = "";
			dstSubfolderSpec = 10;
			files = (
			);
			name = "Embed Frameworks";
			runOnlyForDeploymentPostprocessing = 0;
		};
/* End PBXCopyFilesBuildPhase section */

/* Begin PBXFileReference section */
		3B7E2F08ADCEFE08056B4DE6 /* Pods-CaseAssistant.debug.xcconfig */ = {isa = PBXFileReference; includeInIndex = 1; lastKnownFileType = text.xcconfig; name = "Pods-CaseAssistant.debug.xcconfig"; path = "Pods/Target Support Files/Pods-CaseAssistant/Pods-CaseAssistant.debug.xcconfig"; sourceTree = "<group>"; };
		9ED2CE8D1C405E1AFACE8F99 /* Pods-CaseAssistant.release.xcconfig */ = {isa = PBXFileReference; includeInIndex = 1; lastKnownFileType = text.xcconfig; name = "Pods-CaseAssistant.release.xcconfig"; path = "Pods/Target Support Files/Pods-CaseAssistant/Pods-CaseAssistant.release.xcconfig"; sourceTree = "<group>"; };
		BD203CF474D9B1280CF5FE4E /* Pods-CaseAssistantTests.release.xcconfig */ = {isa = PBXFileReference; includeInIndex = 1; lastKnownFileType = text.xcconfig; name = "Pods-CaseAssistantTests.release.xcconfig"; path = "Pods/Target Support Files/Pods-CaseAssistantTests/Pods-CaseAssistantTests.release.xcconfig"; sourceTree = "<group>"; };
		EB0494301AE791C600F9509A /* CaseAssistant.app */ = {isa = PBXFileReference; explicitFileType = wrapper.application; includeInIndex = 0; path = CaseAssistant.app; sourceTree = BUILT_PRODUCTS_DIR; };
		EB0494341AE791C600F9509A /* Info.plist */ = {isa = PBXFileReference; lastKnownFileType = text.plist.xml; path = Info.plist; sourceTree = "<group>"; };
		EB0494351AE791C600F9509A /* AppDelegate.swift */ = {isa = PBXFileReference; lastKnownFileType = sourcecode.swift; path = AppDelegate.swift; sourceTree = "<group>"; };
		EB04943C1AE791C600F9509A /* Base */ = {isa = PBXFileReference; lastKnownFileType = file.storyboard; name = Base; path = Base.lproj/Main.storyboard; sourceTree = "<group>"; };
		EB04943E1AE791C600F9509A /* Images.xcassets */ = {isa = PBXFileReference; lastKnownFileType = folder.assetcatalog; path = Images.xcassets; sourceTree = "<group>"; };
		EB0494411AE791C600F9509A /* Base */ = {isa = PBXFileReference; lastKnownFileType = file.xib; name = Base; path = Base.lproj/LaunchScreen.xib; sourceTree = "<group>"; };
		EB04945D1AE7971600F9509A /* Data.swift */ = {isa = PBXFileReference; fileEncoding = 4; lastKnownFileType = sourcecode.swift; path = Data.swift; sourceTree = "<group>"; };
		EB04945F1AE7A5E200F9509A /* PatientGroupTableViewController.swift */ = {isa = PBXFileReference; fileEncoding = 4; lastKnownFileType = sourcecode.swift; path = PatientGroupTableViewController.swift; sourceTree = "<group>"; };
		EB0494631AE7A66D00F9509A /* RecordTableViewController.swift */ = {isa = PBXFileReference; fileEncoding = 4; lastKnownFileType = sourcecode.swift; path = RecordTableViewController.swift; sourceTree = "<group>"; };
		EB0494661AE7F89F00F9509A /* InitTableViewController.swift */ = {isa = PBXFileReference; fileEncoding = 4; lastKnownFileType = sourcecode.swift; path = InitTableViewController.swift; sourceTree = "<group>"; };
		EB0A31961B16CFAD00554440 /* Setting.storyboard */ = {isa = PBXFileReference; fileEncoding = 4; lastKnownFileType = file.storyboard; path = Setting.storyboard; sourceTree = "<group>"; };
		EB0A31981B16F61500554440 /* SettingTableViewController.swift */ = {isa = PBXFileReference; fileEncoding = 4; lastKnownFileType = sourcecode.swift; path = SettingTableViewController.swift; sourceTree = "<group>"; };
		EB0E2E6F1B00596500372A0C /* PhotoMemoCollectionViewCell.swift */ = {isa = PBXFileReference; fileEncoding = 4; lastKnownFileType = sourcecode.swift; path = PhotoMemoCollectionViewCell.swift; sourceTree = "<group>"; };
		EB1D182E1B22EE6D0011BD8B /* AboutTableViewController.swift */ = {isa = PBXFileReference; fileEncoding = 4; lastKnownFileType = sourcecode.swift; path = AboutTableViewController.swift; sourceTree = "<group>"; };
		EB28BBC11B0B9C0F003C60F1 /* PatientTableViewCell.swift */ = {isa = PBXFileReference; fileEncoding = 4; lastKnownFileType = sourcecode.swift; path = PatientTableViewCell.swift; sourceTree = "<group>"; };
		EB29692A1B12BEDC006C6491 /* ReportViewController.swift */ = {isa = PBXFileReference; fileEncoding = 4; lastKnownFileType = sourcecode.swift; path = ReportViewController.swift; sourceTree = "<group>"; };
		EB29692C1B12D48E006C6491 /* ReportItemTableViewCell.swift */ = {isa = PBXFileReference; fileEncoding = 4; lastKnownFileType = sourcecode.swift; path = ReportItemTableViewCell.swift; sourceTree = "<group>"; };
		EB2977D21B09990B00771F84 /* TagsTableViewController.swift */ = {isa = PBXFileReference; fileEncoding = 4; lastKnownFileType = sourcecode.swift; path = TagsTableViewController.swift; sourceTree = "<group>"; };
		EB2DD12E1AF898B5009A69BA /* PatientSummaryViewController.swift */ = {isa = PBXFileReference; fileEncoding = 4; lastKnownFileType = sourcecode.swift; path = PatientSummaryViewController.swift; sourceTree = "<group>"; };
		EB2FD5AE1B11A24700600AF2 /* SystemConfiguration.framework */ = {isa = PBXFileReference; lastKnownFileType = wrapper.framework; name = SystemConfiguration.framework; path = System/Library/Frameworks/SystemConfiguration.framework; sourceTree = SDKROOT; };
		EB2FD5B01B11A25A00600AF2 /* libz.dylib */ = {isa = PBXFileReference; lastKnownFileType = "compiled.mach-o.dylib"; name = libz.dylib; path = usr/lib/libz.dylib; sourceTree = SDKROOT; };
		EB2FD5B21B11A26B00600AF2 /* libsqlite3.0.dylib */ = {isa = PBXFileReference; lastKnownFileType = "compiled.mach-o.dylib"; name = libsqlite3.0.dylib; path = usr/lib/libsqlite3.0.dylib; sourceTree = SDKROOT; };
		EB3719321B202407005191D5 /* ReportImageItemTableViewCell.swift */ = {isa = PBXFileReference; fileEncoding = 4; lastKnownFileType = sourcecode.swift; path = ReportImageItemTableViewCell.swift; sourceTree = "<group>"; };
		EB37F1981ECE906A00B9EBF6 /* UIHelper.swift */ = {isa = PBXFileReference; fileEncoding = 4; lastKnownFileType = sourcecode.swift; path = UIHelper.swift; sourceTree = "<group>"; };
		EB6730BC1AEA3CCA007B445D /* Helpers.swift */ = {isa = PBXFileReference; fileEncoding = 4; lastKnownFileType = sourcecode.swift; path = Helpers.swift; sourceTree = "<group>"; };
		EB803F0D1B2F29870014DA62 /* IAPProductTableViewCell.swift */ = {isa = PBXFileReference; fileEncoding = 4; lastKnownFileType = sourcecode.swift; path = IAPProductTableViewCell.swift; sourceTree = "<group>"; };
		EB803F3F1B303A490014DA62 /* iAd.framework */ = {isa = PBXFileReference; lastKnownFileType = wrapper.framework; name = iAd.framework; path = System/Library/Frameworks/iAd.framework; sourceTree = SDKROOT; };
		EB8131021B1C10F400639444 /* ReportTitleTableViewCell.swift */ = {isa = PBXFileReference; fileEncoding = 4; lastKnownFileType = sourcecode.swift; path = ReportTitleTableViewCell.swift; sourceTree = "<group>"; };
		EB8131041B1C257600639444 /* ReportTitleWhenShareTableViewCell.swift */ = {isa = PBXFileReference; fileEncoding = 4; lastKnownFileType = sourcecode.swift; path = ReportTitleWhenShareTableViewCell.swift; sourceTree = "<group>"; };
		EB89DB951AFB55420060308D /* RecordItemTableViewController.swift */ = {isa = PBXFileReference; fileEncoding = 4; lastKnownFileType = sourcecode.swift; path = RecordItemTableViewController.swift; sourceTree = "<group>"; };
		EB89DB971AFB56050060308D /* RecordButtonInputTableViewCell.swift */ = {isa = PBXFileReference; fileEncoding = 4; lastKnownFileType = sourcecode.swift; path = RecordButtonInputTableViewCell.swift; sourceTree = "<group>"; };
		EB89DB991AFB561B0060308D /* RecordTextInputTableViewCell.swift */ = {isa = PBXFileReference; fileEncoding = 4; lastKnownFileType = sourcecode.swift; path = RecordTextInputTableViewCell.swift; sourceTree = "<group>"; };
		EB8F52A71ECD512C003D7D05 /* Patient.swift */ = {isa = PBXFileReference; fileEncoding = 4; lastKnownFileType = sourcecode.swift; name = Patient.swift; path = Models/Patient.swift; sourceTree = "<group>"; };
		EB8F52A91ECD5171003D7D05 /* Record.swift */ = {isa = PBXFileReference; fileEncoding = 4; lastKnownFileType = sourcecode.swift; name = Record.swift; path = Models/Record.swift; sourceTree = "<group>"; };
		EB8F52AB1ECD51DA003D7D05 /* Tag.swift */ = {isa = PBXFileReference; fileEncoding = 4; lastKnownFileType = sourcecode.swift; name = Tag.swift; path = Models/Tag.swift; sourceTree = "<group>"; };
		EB8F52AD1ECD51FF003D7D05 /* Category.swift */ = {isa = PBXFileReference; fileEncoding = 4; lastKnownFileType = sourcecode.swift; name = Category.swift; path = Models/Category.swift; sourceTree = "<group>"; };
		EB8F52AF1ECD5237003D7D05 /* PhotoMemo.swift */ = {isa = PBXFileReference; fileEncoding = 4; lastKnownFileType = sourcecode.swift; name = PhotoMemo.swift; path = Models/PhotoMemo.swift; sourceTree = "<group>"; };
		EB8F52B11ECD5253003D7D05 /* VoiceMemo.swift */ = {isa = PBXFileReference; fileEncoding = 4; lastKnownFileType = sourcecode.swift; name = VoiceMemo.swift; path = Models/VoiceMemo.swift; sourceTree = "<group>"; };
		EB8F52B31ECD5277003D7D05 /* FormItem.swift */ = {isa = PBXFileReference; fileEncoding = 4; lastKnownFileType = sourcecode.swift; name = FormItem.swift; path = Models/FormItem.swift; sourceTree = "<group>"; };
		EB8F52B51ECD5293003D7D05 /* Spy.swift */ = {isa = PBXFileReference; fileEncoding = 4; lastKnownFileType = sourcecode.swift; name = Spy.swift; path = Models/Spy.swift; sourceTree = "<group>"; };
		EB8F52B81ECD53CC003D7D05 /* CaseApp.swift */ = {isa = PBXFileReference; fileEncoding = 4; lastKnownFileType = sourcecode.swift; path = CaseApp.swift; sourceTree = "<group>"; };
		EB8F52BA1ECD54C2003D7D05 /* CaseProducts.swift */ = {isa = PBXFileReference; fileEncoding = 4; lastKnownFileType = sourcecode.swift; path = CaseProducts.swift; sourceTree = "<group>"; };
		EB8F52C31ECD56A0003D7D05 /* UIImage+Additions.swift */ = {isa = PBXFileReference; fileEncoding = 4; lastKnownFileType = sourcecode.swift; path = "UIImage+Additions.swift"; sourceTree = "<group>"; };
		EB8F52C41ECD56A0003D7D05 /* UIScrollView+Additions.swift */ = {isa = PBXFileReference; fileEncoding = 4; lastKnownFileType = sourcecode.swift; path = "UIScrollView+Additions.swift"; sourceTree = "<group>"; };
		EB8F52C51ECD56A0003D7D05 /* UITableView+Additions.swift */ = {isa = PBXFileReference; fileEncoding = 4; lastKnownFileType = sourcecode.swift; path = "UITableView+Additions.swift"; sourceTree = "<group>"; };
		EB8F52C61ECD56A0003D7D05 /* UIView+Additions.swift */ = {isa = PBXFileReference; fileEncoding = 4; lastKnownFileType = sourcecode.swift; path = "UIView+Additions.swift"; sourceTree = "<group>"; };
		EB8F52C71ECD56A0003D7D05 /* IAPHelper.swift */ = {isa = PBXFileReference; fileEncoding = 4; lastKnownFileType = sourcecode.swift; path = IAPHelper.swift; sourceTree = "<group>"; };
		EB94FF821B27DE8900F6F796 /* RecordTableViewCell.swift */ = {isa = PBXFileReference; fileEncoding = 4; lastKnownFileType = sourcecode.swift; path = RecordTableViewCell.swift; sourceTree = "<group>"; };
		EB94FFC01B28717500F6F796 /* IAPTableViewController.swift */ = {isa = PBXFileReference; fileEncoding = 4; lastKnownFileType = sourcecode.swift; path = IAPTableViewController.swift; sourceTree = "<group>"; };
		EB94FFC21B2872D400F6F796 /* StoreKit.framework */ = {isa = PBXFileReference; lastKnownFileType = wrapper.framework; name = StoreKit.framework; path = System/Library/Frameworks/StoreKit.framework; sourceTree = SDKROOT; };
		EBA1D6151B217D4600024219 /* TagPickerViewController.swift */ = {isa = PBXFileReference; fileEncoding = 4; lastKnownFileType = sourcecode.swift; path = TagPickerViewController.swift; sourceTree = "<group>"; };
		EBAA55481AE8E9520068698A /* PatientViewController.swift */ = {isa = PBXFileReference; fileEncoding = 4; lastKnownFileType = sourcecode.swift; path = PatientViewController.swift; sourceTree = "<group>"; };
		EBC5431A1AEE919400347532 /* PatientInfoTableViewController.swift */ = {isa = PBXFileReference; fileEncoding = 4; lastKnownFileType = sourcecode.swift; path = PatientInfoTableViewController.swift; sourceTree = "<group>"; };
		EBC5431C1AEEA0C500347532 /* CategoryPickerViewController.swift */ = {isa = PBXFileReference; fileEncoding = 4; lastKnownFileType = sourcecode.swift; path = CategoryPickerViewController.swift; sourceTree = "<group>"; };
		EBC73C381B365D2C009E5B20 /* default.realm */ = {isa = PBXFileReference; lastKnownFileType = file; path = default.realm; sourceTree = "<group>"; };
		EBC73C3A1B365D39009E5B20 /* photomemos */ = {isa = PBXFileReference; lastKnownFileType = folder; path = photomemos; sourceTree = "<group>"; };
		EBCCC7C61B1F151B004B7764 /* ImageSelecterCollectionViewCell.swift */ = {isa = PBXFileReference; fileEncoding = 4; lastKnownFileType = sourcecode.swift; path = ImageSelecterCollectionViewCell.swift; sourceTree = "<group>"; };
		EBCCC7C81B1F1654004B7764 /* ImageSelecterCollectionViewController.swift */ = {isa = PBXFileReference; fileEncoding = 4; lastKnownFileType = sourcecode.swift; path = ImageSelecterCollectionViewController.swift; sourceTree = "<group>"; };
		EBCCC7CA1B1F4CEB004B7764 /* ImageSelecterCollectionHeaderView.swift */ = {isa = PBXFileReference; fileEncoding = 4; lastKnownFileType = sourcecode.swift; path = ImageSelecterCollectionHeaderView.swift; sourceTree = "<group>"; };
		EBDCBCDB1B10C8D3004515F5 /* ImageIO.framework */ = {isa = PBXFileReference; lastKnownFileType = wrapper.framework; name = ImageIO.framework; path = System/Library/Frameworks/ImageIO.framework; sourceTree = SDKROOT; };
		EBDCBCED1B10D01C004515F5 /* libc++.dylib */ = {isa = PBXFileReference; lastKnownFileType = "compiled.mach-o.dylib"; name = "libc++.dylib"; path = "usr/lib/libc++.dylib"; sourceTree = SDKROOT; };
		EBE8CBB01B03964400575851 /* ChartViewController.swift */ = {isa = PBXFileReference; fileEncoding = 4; lastKnownFileType = sourcecode.swift; path = ChartViewController.swift; sourceTree = "<group>"; };
		EBE9A1311AEFD3890008F201 /* DatePickerViewController.swift */ = {isa = PBXFileReference; fileEncoding = 4; lastKnownFileType = sourcecode.swift; path = DatePickerViewController.swift; sourceTree = "<group>"; };
		F120D812B1F4014BA0F6A097 /* Pods_CaseAssistant.framework */ = {isa = PBXFileReference; explicitFileType = wrapper.framework; includeInIndex = 0; path = Pods_CaseAssistant.framework; sourceTree = BUILT_PRODUCTS_DIR; };
		FE39C9795F10A6ABF624C879 /* Pods-CaseAssistantTests.debug.xcconfig */ = {isa = PBXFileReference; includeInIndex = 1; lastKnownFileType = text.xcconfig; name = "Pods-CaseAssistantTests.debug.xcconfig"; path = "Pods/Target Support Files/Pods-CaseAssistantTests/Pods-CaseAssistantTests.debug.xcconfig"; sourceTree = "<group>"; };
		FEFB61D1FEFEF99C0CBF9C3D /* Pods_CaseAssistantTests.framework */ = {isa = PBXFileReference; explicitFileType = wrapper.framework; includeInIndex = 0; path = Pods_CaseAssistantTests.framework; sourceTree = BUILT_PRODUCTS_DIR; };
/* End PBXFileReference section */

/* Begin PBXFrameworksBuildPhase section */
		EB04942D1AE791C600F9509A /* Frameworks */ = {
			isa = PBXFrameworksBuildPhase;
			buildActionMask = 2147483647;
			files = (
				EBE7CD121B24A1000034D98B /* libc++.dylib in Frameworks */,
				EB2A17E71B249CB900EA88BB /* libsqlite3.0.dylib in Frameworks */,
				EB2A17E61B249C9500EA88BB /* libz.dylib in Frameworks */,
				EB2A17E51B249C8D00EA88BB /* SystemConfiguration.framework in Frameworks */,
				EBDCBCDC1B10C8D3004515F5 /* ImageIO.framework in Frameworks */,
				EB94FFC31B2872D400F6F796 /* StoreKit.framework in Frameworks */,
				D4B0C598C23A1CFE824D8AC6 /* Pods_CaseAssistant.framework in Frameworks */,
			);
			runOnlyForDeploymentPostprocessing = 0;
		};
/* End PBXFrameworksBuildPhase section */

/* Begin PBXGroup section */
		00442C655E8182733CD5E727 /* Pods */ = {
			isa = PBXGroup;
			children = (
				3B7E2F08ADCEFE08056B4DE6 /* Pods-CaseAssistant.debug.xcconfig */,
				9ED2CE8D1C405E1AFACE8F99 /* Pods-CaseAssistant.release.xcconfig */,
				FE39C9795F10A6ABF624C879 /* Pods-CaseAssistantTests.debug.xcconfig */,
				BD203CF474D9B1280CF5FE4E /* Pods-CaseAssistantTests.release.xcconfig */,
			);
			name = Pods;
			sourceTree = "<group>";
		};
		EB0494271AE791C600F9509A = {
			isa = PBXGroup;
			children = (
				EB0494321AE791C600F9509A /* CaseAssistant */,
				EB0494311AE791C600F9509A /* Products */,
				FAF867D7CF8F0BD618C09C7C /* Frameworks */,
				00442C655E8182733CD5E727 /* Pods */,
			);
			sourceTree = "<group>";
		};
		EB0494311AE791C600F9509A /* Products */ = {
			isa = PBXGroup;
			children = (
				EB0494301AE791C600F9509A /* CaseAssistant.app */,
			);
			name = Products;
			sourceTree = "<group>";
		};
		EB0494321AE791C600F9509A /* CaseAssistant */ = {
			isa = PBXGroup;
			children = (
				EB8F52C11ECD56A0003D7D05 /* ThirdParties */,
				EB8F52B71ECD52B9003D7D05 /* Models */,
				EB6730BC1AEA3CCA007B445D /* Helpers.swift */,
				EB37F1981ECE906A00B9EBF6 /* UIHelper.swift */,
				EB8F52B81ECD53CC003D7D05 /* CaseApp.swift */,
				EB8F52BA1ECD54C2003D7D05 /* CaseProducts.swift */,
				EB0494351AE791C600F9509A /* AppDelegate.swift */,
				EB0494661AE7F89F00F9509A /* InitTableViewController.swift */,
				EB2977D21B09990B00771F84 /* TagsTableViewController.swift */,
				EB04945F1AE7A5E200F9509A /* PatientGroupTableViewController.swift */,
				EB28BBC11B0B9C0F003C60F1 /* PatientTableViewCell.swift */,
				EBC5431C1AEEA0C500347532 /* CategoryPickerViewController.swift */,
				EBE9A1311AEFD3890008F201 /* DatePickerViewController.swift */,
				EBA1D6151B217D4600024219 /* TagPickerViewController.swift */,
				EB5DAC1C1B293B6200E65818 /* Patient */,
				EB5DAC1B1B29339000E65818 /* Record */,
				EB5DAC1A1B292FC800E65818 /* Setting */,
				EB3719341B204BB3005191D5 /* Share */,
				EB04943E1AE791C600F9509A /* Images.xcassets */,
				EB0494401AE791C600F9509A /* LaunchScreen.xib */,
				EB04943B1AE791C600F9509A /* Main.storyboard */,
				EB0A31961B16CFAD00554440 /* Setting.storyboard */,
				EBC73C061B3650D7009E5B20 /* Default Data */,
				EB0494331AE791C600F9509A /* Supporting Files */,
			);
			path = CaseAssistant;
			sourceTree = "<group>";
		};
		EB0494331AE791C600F9509A /* Supporting Files */ = {
			isa = PBXGroup;
			children = (
				EB0494341AE791C600F9509A /* Info.plist */,
			);
			name = "Supporting Files";
			sourceTree = "<group>";
		};
		EB3719341B204BB3005191D5 /* Share */ = {
			isa = PBXGroup;
			children = (
				EB29692A1B12BEDC006C6491 /* ReportViewController.swift */,
				EB29692C1B12D48E006C6491 /* ReportItemTableViewCell.swift */,
				EB8131041B1C257600639444 /* ReportTitleWhenShareTableViewCell.swift */,
				EB8131021B1C10F400639444 /* ReportTitleTableViewCell.swift */,
				EB3719321B202407005191D5 /* ReportImageItemTableViewCell.swift */,
				EBCCC7C81B1F1654004B7764 /* ImageSelecterCollectionViewController.swift */,
				EBCCC7CA1B1F4CEB004B7764 /* ImageSelecterCollectionHeaderView.swift */,
				EBCCC7C61B1F151B004B7764 /* ImageSelecterCollectionViewCell.swift */,
			);
			name = Share;
			sourceTree = "<group>";
		};
		EB5DAC1A1B292FC800E65818 /* Setting */ = {
			isa = PBXGroup;
			children = (
				EB0A31981B16F61500554440 /* SettingTableViewController.swift */,
				EB1D182E1B22EE6D0011BD8B /* AboutTableViewController.swift */,
				EB94FFC01B28717500F6F796 /* IAPTableViewController.swift */,
				EB803F0D1B2F29870014DA62 /* IAPProductTableViewCell.swift */,
			);
			name = Setting;
			sourceTree = "<group>";
		};
		EB5DAC1B1B29339000E65818 /* Record */ = {
			isa = PBXGroup;
			children = (
				EB0494631AE7A66D00F9509A /* RecordTableViewController.swift */,
				EB89DB951AFB55420060308D /* RecordItemTableViewController.swift */,
				EB89DB971AFB56050060308D /* RecordButtonInputTableViewCell.swift */,
				EB89DB991AFB561B0060308D /* RecordTextInputTableViewCell.swift */,
				EB0E2E6F1B00596500372A0C /* PhotoMemoCollectionViewCell.swift */,
			);
			name = Record;
			sourceTree = "<group>";
		};
		EB5DAC1C1B293B6200E65818 /* Patient */ = {
			isa = PBXGroup;
			children = (
				EBAA55481AE8E9520068698A /* PatientViewController.swift */,
				EB94FF821B27DE8900F6F796 /* RecordTableViewCell.swift */,
				EBC5431A1AEE919400347532 /* PatientInfoTableViewController.swift */,
				EBE8CBB01B03964400575851 /* ChartViewController.swift */,
				EB2DD12E1AF898B5009A69BA /* PatientSummaryViewController.swift */,
			);
			name = Patient;
			sourceTree = "<group>";
		};
		EB8F52B71ECD52B9003D7D05 /* Models */ = {
			isa = PBXGroup;
			children = (
				EB04945D1AE7971600F9509A /* Data.swift */,
				EB8F52AD1ECD51FF003D7D05 /* Category.swift */,
				EB8F52A71ECD512C003D7D05 /* Patient.swift */,
				EB8F52A91ECD5171003D7D05 /* Record.swift */,
				EB8F52AB1ECD51DA003D7D05 /* Tag.swift */,
				EB8F52AF1ECD5237003D7D05 /* PhotoMemo.swift */,
				EB8F52B11ECD5253003D7D05 /* VoiceMemo.swift */,
				EB8F52B31ECD5277003D7D05 /* FormItem.swift */,
				EB8F52B51ECD5293003D7D05 /* Spy.swift */,
			);
			name = Models;
			sourceTree = "<group>";
		};
		EB8F52C11ECD56A0003D7D05 /* ThirdParties */ = {
			isa = PBXGroup;
			children = (
				EB8F52C21ECD56A0003D7D05 /* DHSmartScreenshot */,
				EB8F52C71ECD56A0003D7D05 /* IAPHelper.swift */,
			);
			path = ThirdParties;
			sourceTree = "<group>";
		};
		EB8F52C21ECD56A0003D7D05 /* DHSmartScreenshot */ = {
			isa = PBXGroup;
			children = (
				EB8F52C31ECD56A0003D7D05 /* UIImage+Additions.swift */,
				EB8F52C41ECD56A0003D7D05 /* UIScrollView+Additions.swift */,
				EB8F52C51ECD56A0003D7D05 /* UITableView+Additions.swift */,
				EB8F52C61ECD56A0003D7D05 /* UIView+Additions.swift */,
			);
			path = DHSmartScreenshot;
			sourceTree = "<group>";
		};
		EBC73C061B3650D7009E5B20 /* Default Data */ = {
			isa = PBXGroup;
			children = (
				EBC73C3A1B365D39009E5B20 /* photomemos */,
				EBC73C381B365D2C009E5B20 /* default.realm */,
			);
			name = "Default Data";
			sourceTree = "<group>";
		};
		FAF867D7CF8F0BD618C09C7C /* Frameworks */ = {
			isa = PBXGroup;
			children = (
				EB803F3F1B303A490014DA62 /* iAd.framework */,
				EB94FFC21B2872D400F6F796 /* StoreKit.framework */,
				EB2FD5B21B11A26B00600AF2 /* libsqlite3.0.dylib */,
				EB2FD5B01B11A25A00600AF2 /* libz.dylib */,
				EB2FD5AE1B11A24700600AF2 /* SystemConfiguration.framework */,
				EBDCBCED1B10D01C004515F5 /* libc++.dylib */,
				EBDCBCDB1B10C8D3004515F5 /* ImageIO.framework */,
				F120D812B1F4014BA0F6A097 /* Pods_CaseAssistant.framework */,
				FEFB61D1FEFEF99C0CBF9C3D /* Pods_CaseAssistantTests.framework */,
			);
			name = Frameworks;
			sourceTree = "<group>";
		};
/* End PBXGroup section */

/* Begin PBXNativeTarget section */
		EB04942F1AE791C600F9509A /* CaseAssistant */ = {
			isa = PBXNativeTarget;
			buildConfigurationList = EB0494511AE791C600F9509A /* Build configuration list for PBXNativeTarget "CaseAssistant" */;
			buildPhases = (
				D0B8CA30F83FF3A8DE7FBEFE /* [CP] Check Pods Manifest.lock */,
				EB04942C1AE791C600F9509A /* Sources */,
				EB04942D1AE791C600F9509A /* Frameworks */,
				EB04942E1AE791C600F9509A /* Resources */,
				EBDDDDD81B06D1EE002ED8F0 /* Embed Frameworks */,
				DAC8A83F840DA960ED71A63F /* [CP] Embed Pods Frameworks */,
				F3F008DF35692A293D73DCF1 /* [CP] Copy Pods Resources */,
			);
			buildRules = (
			);
			dependencies = (
			);
			name = CaseAssistant;
			productName = CaseAssistant;
			productReference = EB0494301AE791C600F9509A /* CaseAssistant.app */;
			productType = "com.apple.product-type.application";
		};
/* End PBXNativeTarget section */

/* Begin PBXProject section */
		EB0494281AE791C600F9509A /* Project object */ = {
			isa = PBXProject;
			attributes = {
				LastSwiftUpdateCheck = 0700;
				LastUpgradeCheck = 0830;
				ORGANIZATIONNAME = HerrKaefer;
				TargetAttributes = {
					EB04942F1AE791C600F9509A = {
						CreatedOnToolsVersion = 6.3;
						DevelopmentTeam = 6VM93P947X;
						LastSwiftMigration = 0830;
						ProvisioningStyle = Automatic;
						SystemCapabilities = {
							com.apple.InAppPurchase = {
								enabled = 1;
							};
						};
					};
				};
			};
			buildConfigurationList = EB04942B1AE791C600F9509A /* Build configuration list for PBXProject "CaseAssistant" */;
			compatibilityVersion = "Xcode 3.2";
			developmentRegion = English;
			hasScannedForEncodings = 0;
			knownRegions = (
				en,
				Base,
				"zh-Hans",
			);
			mainGroup = EB0494271AE791C600F9509A;
			productRefGroup = EB0494311AE791C600F9509A /* Products */;
			projectDirPath = "";
			projectRoot = "";
			targets = (
				EB04942F1AE791C600F9509A /* CaseAssistant */,
			);
		};
/* End PBXProject section */

/* Begin PBXResourcesBuildPhase section */
		EB04942E1AE791C600F9509A /* Resources */ = {
			isa = PBXResourcesBuildPhase;
			buildActionMask = 2147483647;
			files = (
				EB0A31971B16CFAD00554440 /* Setting.storyboard in Resources */,
				EBC73C3B1B365D39009E5B20 /* photomemos in Resources */,
				EB04943D1AE791C600F9509A /* Main.storyboard in Resources */,
				EBC73C391B365D2C009E5B20 /* default.realm in Resources */,
				EB0494421AE791C600F9509A /* LaunchScreen.xib in Resources */,
				EB04943F1AE791C600F9509A /* Images.xcassets in Resources */,
			);
			runOnlyForDeploymentPostprocessing = 0;
		};
/* End PBXResourcesBuildPhase section */

/* Begin PBXShellScriptBuildPhase section */
		D0B8CA30F83FF3A8DE7FBEFE /* [CP] Check Pods Manifest.lock */ = {
			isa = PBXShellScriptBuildPhase;
			buildActionMask = 2147483647;
			files = (
			);
			inputPaths = (
			);
			name = "[CP] Check Pods Manifest.lock";
			outputPaths = (
			);
			runOnlyForDeploymentPostprocessing = 0;
			shellPath = /bin/sh;
			shellScript = "diff \"${PODS_PODFILE_DIR_PATH}/Podfile.lock\" \"${PODS_ROOT}/Manifest.lock\" > /dev/null\nif [ $? != 0 ] ; then\n    # print error to STDERR\n    echo \"error: The sandbox is not in sync with the Podfile.lock. Run 'pod install' or update your CocoaPods installation.\" >&2\n    exit 1\nfi\n";
			showEnvVarsInLog = 0;
		};
		DAC8A83F840DA960ED71A63F /* [CP] Embed Pods Frameworks */ = {
			isa = PBXShellScriptBuildPhase;
			buildActionMask = 2147483647;
			files = (
			);
			inputPaths = (
			);
			name = "[CP] Embed Pods Frameworks";
			outputPaths = (
			);
			runOnlyForDeploymentPostprocessing = 0;
			shellPath = /bin/sh;
			shellScript = "\"${SRCROOT}/Pods/Target Support Files/Pods-CaseAssistant/Pods-CaseAssistant-frameworks.sh\"\n";
			showEnvVarsInLog = 0;
		};
		F3F008DF35692A293D73DCF1 /* [CP] Copy Pods Resources */ = {
			isa = PBXShellScriptBuildPhase;
			buildActionMask = 2147483647;
			files = (
			);
			inputPaths = (
			);
			name = "[CP] Copy Pods Resources";
			outputPaths = (
			);
			runOnlyForDeploymentPostprocessing = 0;
			shellPath = /bin/sh;
			shellScript = "\"${SRCROOT}/Pods/Target Support Files/Pods-CaseAssistant/Pods-CaseAssistant-resources.sh\"\n";
			showEnvVarsInLog = 0;
		};
/* End PBXShellScriptBuildPhase section */

/* Begin PBXSourcesBuildPhase section */
		EB04942C1AE791C600F9509A /* Sources */ = {
			isa = PBXSourcesBuildPhase;
			buildActionMask = 2147483647;
			files = (
				EB8F52B61ECD5293003D7D05 /* Spy.swift in Sources */,
				EB94FF831B27DE8900F6F796 /* RecordTableViewCell.swift in Sources */,
				EBC5431D1AEEA0C500347532 /* CategoryPickerViewController.swift in Sources */,
				EBE9A1321AEFD3890008F201 /* DatePickerViewController.swift in Sources */,
				EB28BBC21B0B9C0F003C60F1 /* PatientTableViewCell.swift in Sources */,
				EB8F52C91ECD56A0003D7D05 /* UIScrollView+Additions.swift in Sources */,
				EB2977D31B09990B00771F84 /* TagsTableViewController.swift in Sources */,
				EBCCC7CB1B1F4CEB004B7764 /* ImageSelecterCollectionHeaderView.swift in Sources */,
				EB8F52CC1ECD56A0003D7D05 /* IAPHelper.swift in Sources */,
				EB8F52BB1ECD54C2003D7D05 /* CaseProducts.swift in Sources */,
				EBCCC7C91B1F1654004B7764 /* ImageSelecterCollectionViewController.swift in Sources */,
				EB1D182F1B22EE6D0011BD8B /* AboutTableViewController.swift in Sources */,
				EB94FFC11B28717500F6F796 /* IAPTableViewController.swift in Sources */,
				EB29692D1B12D48E006C6491 /* ReportItemTableViewCell.swift in Sources */,
				EB8F52C81ECD56A0003D7D05 /* UIImage+Additions.swift in Sources */,
				EBC5431B1AEE919400347532 /* PatientInfoTableViewController.swift in Sources */,
				EB8F52CA1ECD56A0003D7D05 /* UITableView+Additions.swift in Sources */,
				EB8131031B1C10F400639444 /* ReportTitleTableViewCell.swift in Sources */,
				EB0494641AE7A66D00F9509A /* RecordTableViewController.swift in Sources */,
				EB0E2E701B00596500372A0C /* PhotoMemoCollectionViewCell.swift in Sources */,
				EB29692B1B12BEDC006C6491 /* ReportViewController.swift in Sources */,
				EB8F52B01ECD5237003D7D05 /* PhotoMemo.swift in Sources */,
				EB04945E1AE7971600F9509A /* Data.swift in Sources */,
				EBAA55491AE8E9520068698A /* PatientViewController.swift in Sources */,
				EB8F52AC1ECD51DA003D7D05 /* Tag.swift in Sources */,
				EB803F0E1B2F29870014DA62 /* IAPProductTableViewCell.swift in Sources */,
				EB2DD12F1AF898B5009A69BA /* PatientSummaryViewController.swift in Sources */,
				EB37F1991ECE906A00B9EBF6 /* UIHelper.swift in Sources */,
				EBE8CBB11B03964400575851 /* ChartViewController.swift in Sources */,
				EB8F52B41ECD5277003D7D05 /* FormItem.swift in Sources */,
				EB8F52B21ECD5253003D7D05 /* VoiceMemo.swift in Sources */,
				EB3719331B202407005191D5 /* ReportImageItemTableViewCell.swift in Sources */,
				EB8F52CB1ECD56A0003D7D05 /* UIView+Additions.swift in Sources */,
				EB0494361AE791C600F9509A /* AppDelegate.swift in Sources */,
				EB8F52AE1ECD51FF003D7D05 /* Category.swift in Sources */,
				EBA1D6161B217D4600024219 /* TagPickerViewController.swift in Sources */,
				EB6730BD1AEA3CCA007B445D /* Helpers.swift in Sources */,
				EB8131051B1C257600639444 /* ReportTitleWhenShareTableViewCell.swift in Sources */,
				EBCCC7C71B1F151B004B7764 /* ImageSelecterCollectionViewCell.swift in Sources */,
				EB0494671AE7F89F00F9509A /* InitTableViewController.swift in Sources */,
				EB89DB961AFB55420060308D /* RecordItemTableViewController.swift in Sources */,
				EB0A31991B16F61600554440 /* SettingTableViewController.swift in Sources */,
				EB0494601AE7A5E200F9509A /* PatientGroupTableViewController.swift in Sources */,
				EB89DB9A1AFB561B0060308D /* RecordTextInputTableViewCell.swift in Sources */,
				EB89DB981AFB56050060308D /* RecordButtonInputTableViewCell.swift in Sources */,
				EB8F52B91ECD53CC003D7D05 /* CaseApp.swift in Sources */,
				EB8F52AA1ECD5171003D7D05 /* Record.swift in Sources */,
				EB8F52A81ECD512C003D7D05 /* Patient.swift in Sources */,
			);
			runOnlyForDeploymentPostprocessing = 0;
		};
/* End PBXSourcesBuildPhase section */

/* Begin PBXVariantGroup section */
		EB04943B1AE791C600F9509A /* Main.storyboard */ = {
			isa = PBXVariantGroup;
			children = (
				EB04943C1AE791C600F9509A /* Base */,
			);
			name = Main.storyboard;
			sourceTree = "<group>";
		};
		EB0494401AE791C600F9509A /* LaunchScreen.xib */ = {
			isa = PBXVariantGroup;
			children = (
				EB0494411AE791C600F9509A /* Base */,
			);
			name = LaunchScreen.xib;
			sourceTree = "<group>";
		};
/* End PBXVariantGroup section */

/* Begin XCBuildConfiguration section */
		EB04944F1AE791C600F9509A /* Debug */ = {
			isa = XCBuildConfiguration;
			buildSettings = {
				ALWAYS_SEARCH_USER_PATHS = NO;
				CLANG_ANALYZER_LOCALIZABILITY_NONLOCALIZED = YES;
				CLANG_CXX_LANGUAGE_STANDARD = "gnu++0x";
				CLANG_CXX_LIBRARY = "libc++";
				CLANG_ENABLE_MODULES = YES;
				CLANG_ENABLE_OBJC_ARC = YES;
				CLANG_WARN_BOOL_CONVERSION = YES;
				CLANG_WARN_CONSTANT_CONVERSION = YES;
				CLANG_WARN_DIRECT_OBJC_ISA_USAGE = YES_ERROR;
				CLANG_WARN_EMPTY_BODY = YES;
				CLANG_WARN_ENUM_CONVERSION = YES;
				CLANG_WARN_INFINITE_RECURSION = YES;
				CLANG_WARN_INT_CONVERSION = YES;
				CLANG_WARN_OBJC_ROOT_CLASS = YES_ERROR;
				CLANG_WARN_SUSPICIOUS_MOVE = YES;
				CLANG_WARN_UNREACHABLE_CODE = YES;
				CLANG_WARN__DUPLICATE_METHOD_MATCH = YES;
				"CODE_SIGN_IDENTITY[sdk=iphoneos*]" = "iPhone Developer";
				COPY_PHASE_STRIP = NO;
				DEBUG_INFORMATION_FORMAT = "dwarf-with-dsym";
				ENABLE_STRICT_OBJC_MSGSEND = YES;
				ENABLE_TESTABILITY = YES;
				GCC_C_LANGUAGE_STANDARD = gnu99;
				GCC_DYNAMIC_NO_PIC = NO;
				GCC_NO_COMMON_BLOCKS = YES;
				GCC_OPTIMIZATION_LEVEL = 0;
				GCC_PREPROCESSOR_DEFINITIONS = (
					"DEBUG=1",
					"$(inherited)",
				);
				GCC_SYMBOLS_PRIVATE_EXTERN = NO;
				GCC_WARN_64_TO_32_BIT_CONVERSION = YES;
				GCC_WARN_ABOUT_RETURN_TYPE = YES_ERROR;
				GCC_WARN_UNDECLARED_SELECTOR = YES;
				GCC_WARN_UNINITIALIZED_AUTOS = YES_AGGRESSIVE;
				GCC_WARN_UNUSED_FUNCTION = YES;
				GCC_WARN_UNUSED_VARIABLE = YES;
				IPHONEOS_DEPLOYMENT_TARGET = 9.0;
				MTL_ENABLE_DEBUG_INFO = YES;
				ONLY_ACTIVE_ARCH = YES;
				PROVISIONING_PROFILE = "24a0a9db-2588-4c9b-ac95-3419789f3f45";
				SDKROOT = iphoneos;
				SWIFT_OPTIMIZATION_LEVEL = "-Onone";
				TARGETED_DEVICE_FAMILY = "1,2";
			};
			name = Debug;
		};
		EB0494501AE791C600F9509A /* Release */ = {
			isa = XCBuildConfiguration;
			buildSettings = {
				ALWAYS_SEARCH_USER_PATHS = NO;
				CLANG_ANALYZER_LOCALIZABILITY_NONLOCALIZED = YES;
				CLANG_CXX_LANGUAGE_STANDARD = "gnu++0x";
				CLANG_CXX_LIBRARY = "libc++";
				CLANG_ENABLE_MODULES = YES;
				CLANG_ENABLE_OBJC_ARC = YES;
				CLANG_WARN_BOOL_CONVERSION = YES;
				CLANG_WARN_CONSTANT_CONVERSION = YES;
				CLANG_WARN_DIRECT_OBJC_ISA_USAGE = YES_ERROR;
				CLANG_WARN_EMPTY_BODY = YES;
				CLANG_WARN_ENUM_CONVERSION = YES;
				CLANG_WARN_INFINITE_RECURSION = YES;
				CLANG_WARN_INT_CONVERSION = YES;
				CLANG_WARN_OBJC_ROOT_CLASS = YES_ERROR;
				CLANG_WARN_SUSPICIOUS_MOVE = YES;
				CLANG_WARN_UNREACHABLE_CODE = YES;
				CLANG_WARN__DUPLICATE_METHOD_MATCH = YES;
				CODE_SIGN_IDENTITY = "iPhone Distribution: Yang Liu (6VM93P947X)";
				"CODE_SIGN_IDENTITY[sdk=iphoneos*]" = "iPhone Distribution: Yang Liu (6VM93P947X)";
				COPY_PHASE_STRIP = NO;
				DEBUG_INFORMATION_FORMAT = "dwarf-with-dsym";
				ENABLE_NS_ASSERTIONS = NO;
				ENABLE_STRICT_OBJC_MSGSEND = YES;
				GCC_C_LANGUAGE_STANDARD = gnu99;
				GCC_NO_COMMON_BLOCKS = YES;
				GCC_WARN_64_TO_32_BIT_CONVERSION = YES;
				GCC_WARN_ABOUT_RETURN_TYPE = YES_ERROR;
				GCC_WARN_UNDECLARED_SELECTOR = YES;
				GCC_WARN_UNINITIALIZED_AUTOS = YES_AGGRESSIVE;
				GCC_WARN_UNUSED_FUNCTION = YES;
				GCC_WARN_UNUSED_VARIABLE = YES;
				IPHONEOS_DEPLOYMENT_TARGET = 9.0;
				MTL_ENABLE_DEBUG_INFO = NO;
				PROVISIONING_PROFILE = "fbac142a-732c-444a-99a3-f1a7b3ddb084";
				SDKROOT = iphoneos;
				SWIFT_OPTIMIZATION_LEVEL = "-Owholemodule";
				TARGETED_DEVICE_FAMILY = "1,2";
				VALIDATE_PRODUCT = YES;
			};
			name = Release;
		};
		EB0494521AE791C600F9509A /* Debug */ = {
			isa = XCBuildConfiguration;
			baseConfigurationReference = 3B7E2F08ADCEFE08056B4DE6 /* Pods-CaseAssistant.debug.xcconfig */;
			buildSettings = {
				ALWAYS_EMBED_SWIFT_STANDARD_LIBRARIES = YES;
				ASSETCATALOG_COMPILER_APPICON_NAME = AppIcon;
				CODE_SIGN_IDENTITY = "iPhone Developer";
				"CODE_SIGN_IDENTITY[sdk=iphoneos*]" = "iPhone Developer";
				DEVELOPMENT_TEAM = "";
				FRAMEWORK_SEARCH_PATHS = "$(inherited)";
				INFOPLIST_FILE = CaseAssistant/Info.plist;
				IPHONEOS_DEPLOYMENT_TARGET = 9.0;
				LD_RUNPATH_SEARCH_PATHS = "$(inherited) @executable_path/Frameworks";
				LIBRARY_SEARCH_PATHS = "$(inherited)";
				ONLY_ACTIVE_ARCH = YES;
				PRODUCT_BUNDLE_IDENTIFIER = "com.herrkaefer.$(PRODUCT_NAME:rfc1034identifier)";
				PRODUCT_NAME = "$(TARGET_NAME)";
				PROVISIONING_PROFILE = "";
				PROVISIONING_PROFILE_SPECIFIER = "";
				SWIFT_INCLUDE_PATHS = "";
				SWIFT_OBJC_BRIDGING_HEADER = "$(SRCROOT)/CaseAssistant/ObjectiveCBridgingHeader.h";
				SWIFT_VERSION = 3.0;
				TARGETED_DEVICE_FAMILY = "1,2";
				VALID_ARCHS = "arm64 armv7 armv7s";
			};
			name = Debug;
		};
		EB0494531AE791C600F9509A /* Release */ = {
			isa = XCBuildConfiguration;
			baseConfigurationReference = 9ED2CE8D1C405E1AFACE8F99 /* Pods-CaseAssistant.release.xcconfig */;
			buildSettings = {
				ALWAYS_EMBED_SWIFT_STANDARD_LIBRARIES = YES;
				ASSETCATALOG_COMPILER_APPICON_NAME = AppIcon;
				CODE_SIGN_IDENTITY = "iPhone Developer";
				"CODE_SIGN_IDENTITY[sdk=iphoneos*]" = "iPhone Developer";
				DEVELOPMENT_TEAM = "";
				FRAMEWORK_SEARCH_PATHS = "$(inherited)";
				INFOPLIST_FILE = CaseAssistant/Info.plist;
				IPHONEOS_DEPLOYMENT_TARGET = 9.0;
				LD_RUNPATH_SEARCH_PATHS = "$(inherited) @executable_path/Frameworks";
				LIBRARY_SEARCH_PATHS = "$(inherited)";
				ONLY_ACTIVE_ARCH = NO;
				PRODUCT_BUNDLE_IDENTIFIER = "com.herrkaefer.$(PRODUCT_NAME:rfc1034identifier)";
				PRODUCT_NAME = "$(TARGET_NAME)";
				PROVISIONING_PROFILE = "";
				PROVISIONING_PROFILE_SPECIFIER = "";
				SWIFT_INCLUDE_PATHS = "";
				SWIFT_OBJC_BRIDGING_HEADER = "$(SRCROOT)/CaseAssistant/ObjectiveCBridgingHeader.h";
				SWIFT_VERSION = 3.0;
				TARGETED_DEVICE_FAMILY = "1,2";
				VALID_ARCHS = "arm64 armv7 armv7s";
			};
			name = Release;
		};
/* End XCBuildConfiguration section */

/* Begin XCConfigurationList section */
		EB04942B1AE791C600F9509A /* Build configuration list for PBXProject "CaseAssistant" */ = {
			isa = XCConfigurationList;
			buildConfigurations = (
				EB04944F1AE791C600F9509A /* Debug */,
				EB0494501AE791C600F9509A /* Release */,
			);
			defaultConfigurationIsVisible = 0;
			defaultConfigurationName = Release;
		};
		EB0494511AE791C600F9509A /* Build configuration list for PBXNativeTarget "CaseAssistant" */ = {
			isa = XCConfigurationList;
			buildConfigurations = (
				EB0494521AE791C600F9509A /* Debug */,
				EB0494531AE791C600F9509A /* Release */,
			);
			defaultConfigurationIsVisible = 0;
			defaultConfigurationName = Release;
		};
/* End XCConfigurationList section */
	};
	rootObject = EB0494281AE791C600F9509A /* Project object */;
}
